Microsoft Visual Studio Solution File, Format Version 12.00
# Visual Studio 2012
Project("{FAE04EC0-301F-11D3-BF4B-00C04F79EFBC}") = "arkemas-game", "arkemas-game.csproj", "{A34FB857-F9CD-4C1D-B679-5B614456C442}"
EndProject
Global
	GlobalSection(SolutionConfigurationPlatforms) = preSolution
	Debug|Any CPU = Debug|Any CPU
	ExportDebug|Any CPU = ExportDebug|Any CPU
	ExportRelease|Any CPU = ExportRelease|Any CPU
	EndGlobalSection
	GlobalSection(ProjectConfigurationPlatforms) = postSolution
		{A34FB857-F9CD-4C1D-B679-5B614456C442}.Debug|Any CPU.ActiveCfg = Debug|Any CPU
		{A34FB857-F9CD-4C1D-B679-5B614456C442}.Debug|Any CPU.Build.0 = Debug|Any CPU
		{A34FB857-F9CD-4C1D-B679-5B614456C442}.ExportDebug|Any CPU.ActiveCfg = ExportDebug|Any CPU
		{A34FB857-F9CD-4C1D-B679-5B614456C442}.ExportDebug|Any CPU.Build.0 = ExportDebug|Any CPU
		{A34FB857-F9CD-4C1D-B679-5B614456C442}.ExportRelease|Any CPU.ActiveCfg = ExportRelease|Any CPU
		{A34FB857-F9CD-4C1D-B679-5B614456C442}.ExportRelease|Any CPU.Build.0 = ExportRelease|Any CPU
	EndGlobalSection
EndGlobal
